
Microsoft Visual Studio Solution File, Format Version 12.00
# Visual Studio Version 16
VisualStudioVersion = 16.0.810.16
MinimumVisualStudioVersion = 10.0.40219.1
Project("{FAE04EC0-301F-11D3-BF4B-00C04F79EFBC}") = "demoapp", "demoapp\demoapp.csproj", "{7D55A72C-5F90-4CF5-8A00-BBEC32EA7C64}"
EndProject
Project("{2150E333-8FDC-42A3-9474-1A3956D46DE8}") = "Solution Items", "Solution Items", "{39B1607C-83BC-41E8-B92B-F07749BE97B5}"
	ProjectSection(SolutionItems) = preProject
		EmptyHtmlFile.html = EmptyHtmlFile.html
	EndProjectSection
EndProject
Global
	GlobalSection(SolutionConfigurationPlatforms) = preSolution
		Debug|Any CPU = Debug|Any CPU
		Release|Any CPU = Release|Any CPU
	EndGlobalSection
	GlobalSection(ProjectConfigurationPlatforms) = postSolution
		{7D55A72C-5F90-4CF5-8A00-BBEC32EA7C64}.Debug|Any CPU.ActiveCfg = Debug|Any CPU
		{7D55A72C-5F90-4CF5-8A00-BBEC32EA7C64}.Debug|Any CPU.Build.0 = Debug|Any CPU
		{7D55A72C-5F90-4CF5-8A00-BBEC32EA7C64}.Release|Any CPU.ActiveCfg = Release|Any CPU
		{7D55A72C-5F90-4CF5-8A00-BBEC32EA7C64}.Release|Any CPU.Build.0 = Release|Any CPU
	EndGlobalSection
	GlobalSection(SolutionProperties) = preSolution
		HideSolutionNode = FALSE
	EndGlobalSection
	GlobalSection(ExtensibilityGlobals) = postSolution
		SolutionGuid = {B3FDBABF-601C-47B8-9030-EB6FA6659F5C}
	EndGlobalSection
EndGlobal
